
Microsoft Visual Studio Solution File, Format Version 12.00
# Visual Studio Version 17
VisualStudioVersion = 17.1.32319.34
MinimumVisualStudioVersion = 10.0.40219.1
Project("{FAE04EC0-301F-11D3-BF4B-00C04F79EFBC}") = "CelsiusFahrenheitConverter", "CelsiusFahrenheitConverter\CelsiusFahrenheitConverter.csproj", "{0E78DAD9-A4ED-4737-B337-B0CFC9F4E217}"
EndProject
Global
	GlobalSection(SolutionConfigurationPlatforms) = preSolution
		Debug|Any CPU = Debug|Any CPU
		Release|Any CPU = Release|Any CPU
	EndGlobalSection
	GlobalSection(ProjectConfigurationPlatforms) = postSolution
		{0E78DAD9-A4ED-4737-B337-B0CFC9F4E217}.Debug|Any CPU.ActiveCfg = Debug|Any CPU
		{0E78DAD9-A4ED-4737-B337-B0CFC9F4E217}.Debug|Any CPU.Build.0 = Debug|Any CPU
		{0E78DAD9-A4ED-4737-B337-B0CFC9F4E217}.Release|Any CPU.ActiveCfg = Release|Any CPU
		{0E78DAD9-A4ED-4737-B337-B0CFC9F4E217}.Release|Any CPU.Build.0 = Release|Any CPU
	EndGlobalSection
	GlobalSection(SolutionProperties) = preSolution
		HideSolutionNode = FALSE
	EndGlobalSection
	GlobalSection(ExtensibilityGlobals) = postSolution
		SolutionGuid = {CB367563-205A-4E48-924F-BC0D185F1BFB}
	EndGlobalSection
EndGlobal
